
Microsoft Visual Studio Solution File, Format Version 12.00
# Visual Studio Version 17
VisualStudioVersion = 17.13.35806.99 d17.13
MinimumVisualStudioVersion = 10.0.40219.1
Project("{FAE04EC0-301F-11D3-BF4B-00C04F79EFBC}") = "WebApplication2", "WebApplication2.csproj", "{17CB10A3-CE07-4960-BEED-A65BD1C8496B}"
EndProject
Global
	GlobalSection(SolutionConfigurationPlatforms) = preSolution
		Debug|Any CPU = Debug|Any CPU
		Release|Any CPU = Release|Any CPU
	EndGlobalSection
	GlobalSection(ProjectConfigurationPlatforms) = postSolution
		{17CB10A3-CE07-4960-BEED-A65BD1C8496B}.Debug|Any CPU.ActiveCfg = Debug|Any CPU
		{17CB10A3-CE07-4960-BEED-A65BD1C8496B}.Debug|Any CPU.Build.0 = Debug|Any CPU
		{17CB10A3-CE07-4960-BEED-A65BD1C8496B}.Release|Any CPU.ActiveCfg = Release|Any CPU
		{17CB10A3-CE07-4960-BEED-A65BD1C8496B}.Release|Any CPU.Build.0 = Release|Any CPU
	EndGlobalSection
	GlobalSection(SolutionProperties) = preSolution
		HideSolutionNode = FALSE
	EndGlobalSection
	GlobalSection(ExtensibilityGlobals) = postSolution
		SolutionGuid = {4D82AA97-D7E8-4B8E-9D4B-E363AD41B786}
	EndGlobalSection
EndGlobal
